
Microsoft Visual Studio Solution File, Format Version 12.00
# Visual Studio Version 16
VisualStudioVersion = 16.0.31402.337
MinimumVisualStudioVersion = 10.0.40219.1
Project("{9A19103F-16F7-4668-BE54-9A1E7A4F7556}") = "CardDetails.Core", "CardDetails.Core\CardDetails.Core.csproj", "{2F41C878-D6A8-4AB0-8D13-9CD9FDB43BA4}"
EndProject
Project("{9A19103F-16F7-4668-BE54-9A1E7A4F7556}") = "CardDetails.Data", "CardDetails.Data\CardDetails.Data.csproj", "{2B22CB32-333A-423D-B975-D0B13DFC1257}"
EndProject
Project("{FAE04EC0-301F-11D3-BF4B-00C04F79EFBC}") = "CardDetailsTest", "Tests\CardDetailsTest\CardDetailsTest.csproj", "{07D4E18D-B939-42A4-AD1D-921DDC0DDE74}"
EndProject
Global
	GlobalSection(SolutionConfigurationPlatforms) = preSolution
		Debug|Any CPU = Debug|Any CPU
		Release|Any CPU = Release|Any CPU
	EndGlobalSection
	GlobalSection(ProjectConfigurationPlatforms) = postSolution
		{2F41C878-D6A8-4AB0-8D13-9CD9FDB43BA4}.Debug|Any CPU.ActiveCfg = Debug|Any CPU
		{2F41C878-D6A8-4AB0-8D13-9CD9FDB43BA4}.Debug|Any CPU.Build.0 = Debug|Any CPU
		{2F41C878-D6A8-4AB0-8D13-9CD9FDB43BA4}.Release|Any CPU.ActiveCfg = Release|Any CPU
		{2F41C878-D6A8-4AB0-8D13-9CD9FDB43BA4}.Release|Any CPU.Build.0 = Release|Any CPU
		{2B22CB32-333A-423D-B975-D0B13DFC1257}.Debug|Any CPU.ActiveCfg = Debug|Any CPU
		{2B22CB32-333A-423D-B975-D0B13DFC1257}.Debug|Any CPU.Build.0 = Debug|Any CPU
		{2B22CB32-333A-423D-B975-D0B13DFC1257}.Release|Any CPU.ActiveCfg = Release|Any CPU
		{2B22CB32-333A-423D-B975-D0B13DFC1257}.Release|Any CPU.Build.0 = Release|Any CPU
		{07D4E18D-B939-42A4-AD1D-921DDC0DDE74}.Debug|Any CPU.ActiveCfg = Debug|Any CPU
		{07D4E18D-B939-42A4-AD1D-921DDC0DDE74}.Debug|Any CPU.Build.0 = Debug|Any CPU
		{07D4E18D-B939-42A4-AD1D-921DDC0DDE74}.Release|Any CPU.ActiveCfg = Release|Any CPU
		{07D4E18D-B939-42A4-AD1D-921DDC0DDE74}.Release|Any CPU.Build.0 = Release|Any CPU
	EndGlobalSection
	GlobalSection(SolutionProperties) = preSolution
		HideSolutionNode = FALSE
	EndGlobalSection
	GlobalSection(ExtensibilityGlobals) = postSolution
		SolutionGuid = {D5390FDA-E33F-467B-B3A7-BA58B4EBF2D2}
	EndGlobalSection
EndGlobal
